// !$*UTF8*$!
{
	archiveVersion = 1;
	classes = {
	};
	objectVersion = 51;
	objects = {

/* Begin PBXBuildFile section */
		223F6C47EAFB0BB8B7B323F4 /* Pods_Verifyya.framework in Frameworks */ = {isa = PBXBuildFile; fileRef = E0A5F4D96240291382018FEB /* Pods_Verifyya.framework */; };
		9616C12E25B26508009DF0D8 /* AppDelegate.swift in Sources */ = {isa = PBXBuildFile; fileRef = 9616C12D25B26508009DF0D8 /* AppDelegate.swift */; };
		9616C13025B26508009DF0D8 /* SceneDelegate.swift in Sources */ = {isa = PBXBuildFile; fileRef = 9616C12F25B26508009DF0D8 /* SceneDelegate.swift */; };
		9616C13225B26508009DF0D8 /* ViewController.swift in Sources */ = {isa = PBXBuildFile; fileRef = 9616C13125B26508009DF0D8 /* ViewController.swift */; };
		9616C13525B26508009DF0D8 /* Main.storyboard in Resources */ = {isa = PBXBuildFile; fileRef = 9616C13325B26508009DF0D8 /* Main.storyboard */; };
		9616C13725B2650D009DF0D8 /* Assets.xcassets in Resources */ = {isa = PBXBuildFile; fileRef = 9616C13625B2650D009DF0D8 /* Assets.xcassets */; };
		9616C13A25B2650D009DF0D8 /* LaunchScreen.storyboard in Resources */ = {isa = PBXBuildFile; fileRef = 9616C13825B2650D009DF0D8 /* LaunchScreen.storyboard */; };
		9616C14325B266B4009DF0D8 /* GoogleService-Info.plist in Resources */ = {isa = PBXBuildFile; fileRef = 9616C14225B266B4009DF0D8 /* GoogleService-Info.plist */; };
		96ACC05A25B2886D005C8EE5 /* Person.swift in Sources */ = {isa = PBXBuildFile; fileRef = 96ACC05925B2886D005C8EE5 /* Person.swift */; };
		96ACC05D25B29592005C8EE5 /* PersonManager.swift in Sources */ = {isa = PBXBuildFile; fileRef = 96ACC05C25B29592005C8EE5 /* PersonManager.swift */; };
		96ACC07025B29C02005C8EE5 /* VerifyyaTests.swift in Sources */ = {isa = PBXBuildFile; fileRef = 96ACC06F25B29C02005C8EE5 /* VerifyyaTests.swift */; };
		96ACC07A25B29E7C005C8EE5 /* K.swift in Sources */ = {isa = PBXBuildFile; fileRef = 96ACC07925B29E7C005C8EE5 /* K.swift */; };
		96ACC08225B2B54E005C8EE5 /* VaccineRecord.swift in Sources */ = {isa = PBXBuildFile; fileRef = 96ACC08125B2B54E005C8EE5 /* VaccineRecord.swift */; };
		96ACC08825B2BA48005C8EE5 /* VaccineManager.swift in Sources */ = {isa = PBXBuildFile; fileRef = 96ACC08725B2BA48005C8EE5 /* VaccineManager.swift */; };
		96ACC09225B2FC8B005C8EE5 /* Errors.swift in Sources */ = {isa = PBXBuildFile; fileRef = 96ACC09125B2FC8B005C8EE5 /* Errors.swift */; };
/* End PBXBuildFile section */

/* Begin PBXContainerItemProxy section */
		96ACC07225B29C02005C8EE5 /* PBXContainerItemProxy */ = {
			isa = PBXContainerItemProxy;
			containerPortal = 9616C12225B26507009DF0D8 /* Project object */;
			proxyType = 1;
			remoteGlobalIDString = 9616C12925B26508009DF0D8;
			remoteInfo = Verifyya;
		};
/* End PBXContainerItemProxy section */

/* Begin PBXFileReference section */
		323128DBCFBB89A4D884F2CC /* Pods-Verifyya.release.xcconfig */ = {isa = PBXFileReference; includeInIndex = 1; lastKnownFileType = text.xcconfig; name = "Pods-Verifyya.release.xcconfig"; path = "Target Support Files/Pods-Verifyya/Pods-Verifyya.release.xcconfig"; sourceTree = "<group>"; };
		64F24A867B203976ED8482AF /* Pods-Verifyya.debug.xcconfig */ = {isa = PBXFileReference; includeInIndex = 1; lastKnownFileType = text.xcconfig; name = "Pods-Verifyya.debug.xcconfig"; path = "Target Support Files/Pods-Verifyya/Pods-Verifyya.debug.xcconfig"; sourceTree = "<group>"; };
		9616C12A25B26508009DF0D8 /* Verifyya.app */ = {isa = PBXFileReference; explicitFileType = wrapper.application; includeInIndex = 0; path = Verifyya.app; sourceTree = BUILT_PRODUCTS_DIR; };
		9616C12D25B26508009DF0D8 /* AppDelegate.swift */ = {isa = PBXFileReference; lastKnownFileType = sourcecode.swift; path = AppDelegate.swift; sourceTree = "<group>"; };
		9616C12F25B26508009DF0D8 /* SceneDelegate.swift */ = {isa = PBXFileReference; lastKnownFileType = sourcecode.swift; path = SceneDelegate.swift; sourceTree = "<group>"; };
		9616C13125B26508009DF0D8 /* ViewController.swift */ = {isa = PBXFileReference; lastKnownFileType = sourcecode.swift; path = ViewController.swift; sourceTree = "<group>"; };
		9616C13425B26508009DF0D8 /* Base */ = {isa = PBXFileReference; lastKnownFileType = file.storyboard; name = Base; path = Base.lproj/Main.storyboard; sourceTree = "<group>"; };
		9616C13625B2650D009DF0D8 /* Assets.xcassets */ = {isa = PBXFileReference; lastKnownFileType = folder.assetcatalog; path = Assets.xcassets; sourceTree = "<group>"; };
		9616C13925B2650D009DF0D8 /* Base */ = {isa = PBXFileReference; lastKnownFileType = file.storyboard; name = Base; path = Base.lproj/LaunchScreen.storyboard; sourceTree = "<group>"; };
		9616C13B25B2650D009DF0D8 /* Info.plist */ = {isa = PBXFileReference; lastKnownFileType = text.plist.xml; path = Info.plist; sourceTree = "<group>"; };
		9616C14225B266B4009DF0D8 /* GoogleService-Info.plist */ = {isa = PBXFileReference; fileEncoding = 4; lastKnownFileType = text.plist.xml; path = "GoogleService-Info.plist"; sourceTree = "<group>"; };
		96ACC05925B2886D005C8EE5 /* Person.swift */ = {isa = PBXFileReference; lastKnownFileType = sourcecode.swift; path = Person.swift; sourceTree = "<group>"; };
		96ACC05C25B29592005C8EE5 /* PersonManager.swift */ = {isa = PBXFileReference; lastKnownFileType = sourcecode.swift; path = PersonManager.swift; sourceTree = "<group>"; };
		96ACC06D25B29C02005C8EE5 /* VerifyyaTests.xctest */ = {isa = PBXFileReference; explicitFileType = wrapper.cfbundle; includeInIndex = 0; path = VerifyyaTests.xctest; sourceTree = BUILT_PRODUCTS_DIR; };
		96ACC06F25B29C02005C8EE5 /* VerifyyaTests.swift */ = {isa = PBXFileReference; lastKnownFileType = sourcecode.swift; path = VerifyyaTests.swift; sourceTree = "<group>"; };
		96ACC07125B29C02005C8EE5 /* Info.plist */ = {isa = PBXFileReference; lastKnownFileType = text.plist.xml; path = Info.plist; sourceTree = "<group>"; };
		96ACC07925B29E7C005C8EE5 /* K.swift */ = {isa = PBXFileReference; lastKnownFileType = sourcecode.swift; path = K.swift; sourceTree = "<group>"; };
		96ACC08125B2B54E005C8EE5 /* VaccineRecord.swift */ = {isa = PBXFileReference; lastKnownFileType = sourcecode.swift; path = VaccineRecord.swift; sourceTree = "<group>"; };
		96ACC08725B2BA48005C8EE5 /* VaccineManager.swift */ = {isa = PBXFileReference; lastKnownFileType = sourcecode.swift; path = VaccineManager.swift; sourceTree = "<group>"; };
		96ACC09125B2FC8B005C8EE5 /* Errors.swift */ = {isa = PBXFileReference; lastKnownFileType = sourcecode.swift; path = Errors.swift; sourceTree = "<group>"; };
		E0A5F4D96240291382018FEB /* Pods_Verifyya.framework */ = {isa = PBXFileReference; explicitFileType = wrapper.framework; includeInIndex = 0; path = Pods_Verifyya.framework; sourceTree = BUILT_PRODUCTS_DIR; };
/* End PBXFileReference section */

/* Begin PBXFrameworksBuildPhase section */
		9616C12725B26508009DF0D8 /* Frameworks */ = {
			isa = PBXFrameworksBuildPhase;
			buildActionMask = 2147483647;
			files = (
				223F6C47EAFB0BB8B7B323F4 /* Pods_Verifyya.framework in Frameworks */,
			);
			runOnlyForDeploymentPostprocessing = 0;
		};
		96ACC06A25B29C02005C8EE5 /* Frameworks */ = {
			isa = PBXFrameworksBuildPhase;
			buildActionMask = 2147483647;
			files = (
			);
			runOnlyForDeploymentPostprocessing = 0;
		};
/* End PBXFrameworksBuildPhase section */

/* Begin PBXGroup section */
		9616C12125B26507009DF0D8 = {
			isa = PBXGroup;
			children = (
				9616C12C25B26508009DF0D8 /* Verifyya */,
				96ACC06E25B29C02005C8EE5 /* VerifyyaTests */,
				9616C12B25B26508009DF0D8 /* Products */,
				BD3B35C7E0BD94B86E6DB9C2 /* Pods */,
				CD3656CAAF779C7C5C9500B6 /* Frameworks */,
			);
			sourceTree = "<group>";
		};
		9616C12B25B26508009DF0D8 /* Products */ = {
			isa = PBXGroup;
			children = (
				9616C12A25B26508009DF0D8 /* Verifyya.app */,
				96ACC06D25B29C02005C8EE5 /* VerifyyaTests.xctest */,
			);
			name = Products;
			sourceTree = "<group>";
		};
		9616C12C25B26508009DF0D8 /* Verifyya */ = {
			isa = PBXGroup;
			children = (
				96ACC09525B3067F005C8EE5 /* Utils */,
				96ACC05825B2883B005C8EE5 /* Models */,
				9616C14225B266B4009DF0D8 /* GoogleService-Info.plist */,
				9616C12D25B26508009DF0D8 /* AppDelegate.swift */,
				9616C12F25B26508009DF0D8 /* SceneDelegate.swift */,
				96ACC05625B28820005C8EE5 /* Controllers */,
				96ACC05725B2882D005C8EE5 /* Views */,
				9616C13625B2650D009DF0D8 /* Assets.xcassets */,
				9616C13B25B2650D009DF0D8 /* Info.plist */,
				96ACC07925B29E7C005C8EE5 /* K.swift */,
				96ACC09125B2FC8B005C8EE5 /* Errors.swift */,
			);
			path = Verifyya;
			sourceTree = "<group>";
		};
		96ACC05625B28820005C8EE5 /* Controllers */ = {
			isa = PBXGroup;
			children = (
				9616C13125B26508009DF0D8 /* ViewController.swift */,
			);
			path = Controllers;
			sourceTree = "<group>";
		};
		96ACC05725B2882D005C8EE5 /* Views */ = {
			isa = PBXGroup;
			children = (
				9616C13325B26508009DF0D8 /* Main.storyboard */,
				9616C13825B2650D009DF0D8 /* LaunchScreen.storyboard */,
			);
			path = Views;
			sourceTree = "<group>";
		};
		96ACC05825B2883B005C8EE5 /* Models */ = {
			isa = PBXGroup;
			children = (
				96ACC05925B2886D005C8EE5 /* Person.swift */,
				96ACC05C25B29592005C8EE5 /* PersonManager.swift */,
				96ACC08125B2B54E005C8EE5 /* VaccineRecord.swift */,
				96ACC08725B2BA48005C8EE5 /* VaccineManager.swift */,
			);
			path = Models;
			sourceTree = "<group>";
		};
		96ACC06E25B29C02005C8EE5 /* VerifyyaTests */ = {
			isa = PBXGroup;
			children = (
				96ACC06F25B29C02005C8EE5 /* VerifyyaTests.swift */,
				96ACC07125B29C02005C8EE5 /* Info.plist */,
			);
			path = VerifyyaTests;
			sourceTree = "<group>";
		};
		96ACC09525B3067F005C8EE5 /* Utils */ = {
			isa = PBXGroup;
			children = (
			);
			path = Utils;
			sourceTree = "<group>";
		};
		BD3B35C7E0BD94B86E6DB9C2 /* Pods */ = {
			isa = PBXGroup;
			children = (
				64F24A867B203976ED8482AF /* Pods-Verifyya.debug.xcconfig */,
				323128DBCFBB89A4D884F2CC /* Pods-Verifyya.release.xcconfig */,
			);
			path = Pods;
			sourceTree = "<group>";
		};
		CD3656CAAF779C7C5C9500B6 /* Frameworks */ = {
			isa = PBXGroup;
			children = (
				E0A5F4D96240291382018FEB /* Pods_Verifyya.framework */,
			);
			name = Frameworks;
			sourceTree = "<group>";
		};
/* End PBXGroup section */

/* Begin PBXNativeTarget section */
		9616C12925B26508009DF0D8 /* Verifyya */ = {
			isa = PBXNativeTarget;
			buildConfigurationList = 9616C13E25B2650D009DF0D8 /* Build configuration list for PBXNativeTarget "Verifyya" */;
			buildPhases = (
				207C1727B766D8815AD73F01 /* [CP] Check Pods Manifest.lock */,
				9616C12625B26508009DF0D8 /* Sources */,
				9616C12725B26508009DF0D8 /* Frameworks */,
				9616C12825B26508009DF0D8 /* Resources */,
				4B54C6A60FA1E5F5480688E5 /* [CP] Embed Pods Frameworks */,
			);
			buildRules = (
			);
			dependencies = (
			);
			name = Verifyya;
			productName = Verifyya;
			productReference = 9616C12A25B26508009DF0D8 /* Verifyya.app */;
			productType = "com.apple.product-type.application";
		};
		96ACC06C25B29C02005C8EE5 /* VerifyyaTests */ = {
			isa = PBXNativeTarget;
			buildConfigurationList = 96ACC07425B29C02005C8EE5 /* Build configuration list for PBXNativeTarget "VerifyyaTests" */;
			buildPhases = (
				96ACC06925B29C02005C8EE5 /* Sources */,
				96ACC06A25B29C02005C8EE5 /* Frameworks */,
				96ACC06B25B29C02005C8EE5 /* Resources */,
			);
			buildRules = (
			);
			dependencies = (
				96ACC07325B29C02005C8EE5 /* PBXTargetDependency */,
			);
			name = VerifyyaTests;
			productName = VerifyyaTests;
			productReference = 96ACC06D25B29C02005C8EE5 /* VerifyyaTests.xctest */;
			productType = "com.apple.product-type.bundle.unit-test";
		};
/* End PBXNativeTarget section */

/* Begin PBXProject section */
		9616C12225B26507009DF0D8 /* Project object */ = {
			isa = PBXProject;
			attributes = {
				LastSwiftUpdateCheck = 1230;
				LastUpgradeCheck = 1230;
				TargetAttributes = {
					9616C12925B26508009DF0D8 = {
						CreatedOnToolsVersion = 12.3;
					};
					96ACC06C25B29C02005C8EE5 = {
						CreatedOnToolsVersion = 12.3;
						TestTargetID = 9616C12925B26508009DF0D8;
					};
				};
			};
			buildConfigurationList = 9616C12525B26507009DF0D8 /* Build configuration list for PBXProject "Verifyya" */;
			compatibilityVersion = "Xcode 9.3";
			developmentRegion = en;
			hasScannedForEncodings = 0;
			knownRegions = (
				en,
				Base,
			);
			mainGroup = 9616C12125B26507009DF0D8;
			productRefGroup = 9616C12B25B26508009DF0D8 /* Products */;
			projectDirPath = "";
			projectRoot = "";
			targets = (
				9616C12925B26508009DF0D8 /* Verifyya */,
				96ACC06C25B29C02005C8EE5 /* VerifyyaTests */,
			);
		};
/* End PBXProject section */

/* Begin PBXResourcesBuildPhase section */
		9616C12825B26508009DF0D8 /* Resources */ = {
			isa = PBXResourcesBuildPhase;
			buildActionMask = 2147483647;
			files = (
				9616C13A25B2650D009DF0D8 /* LaunchScreen.storyboard in Resources */,
				9616C14325B266B4009DF0D8 /* GoogleService-Info.plist in Resources */,
				9616C13725B2650D009DF0D8 /* Assets.xcassets in Resources */,
				9616C13525B26508009DF0D8 /* Main.storyboard in Resources */,
			);
			runOnlyForDeploymentPostprocessing = 0;
		};
		96ACC06B25B29C02005C8EE5 /* Resources */ = {
			isa = PBXResourcesBuildPhase;
			buildActionMask = 2147483647;
			files = (
			);
			runOnlyForDeploymentPostprocessing = 0;
		};
/* End PBXResourcesBuildPhase section */

/* Begin PBXShellScriptBuildPhase section */
		207C1727B766D8815AD73F01 /* [CP] Check Pods Manifest.lock */ = {
			isa = PBXShellScriptBuildPhase;
			buildActionMask = 2147483647;
			files = (
			);
			inputFileListPaths = (
			);
			inputPaths = (
				"${PODS_PODFILE_DIR_PATH}/Podfile.lock",
				"${PODS_ROOT}/Manifest.lock",
			);
			name = "[CP] Check Pods Manifest.lock";
			outputFileListPaths = (
			);
			outputPaths = (
				"$(DERIVED_FILE_DIR)/Pods-Verifyya-checkManifestLockResult.txt",
			);
			runOnlyForDeploymentPostprocessing = 0;
			shellPath = /bin/sh;
			shellScript = "diff \"${PODS_PODFILE_DIR_PATH}/Podfile.lock\" \"${PODS_ROOT}/Manifest.lock\" > /dev/null\nif [ $? != 0 ] ; then\n    # print error to STDERR\n    echo \"error: The sandbox is not in sync with the Podfile.lock. Run 'pod install' or update your CocoaPods installation.\" >&2\n    exit 1\nfi\n# This output is used by Xcode 'outputs' to avoid re-running this script phase.\necho \"SUCCESS\" > \"${SCRIPT_OUTPUT_FILE_0}\"\n";
			showEnvVarsInLog = 0;
		};
		4B54C6A60FA1E5F5480688E5 /* [CP] Embed Pods Frameworks */ = {
			isa = PBXShellScriptBuildPhase;
			buildActionMask = 2147483647;
			files = (
			);
			inputFileListPaths = (
				"${PODS_ROOT}/Target Support Files/Pods-Verifyya/Pods-Verifyya-frameworks-${CONFIGURATION}-input-files.xcfilelist",
			);
			name = "[CP] Embed Pods Frameworks";
			outputFileListPaths = (
				"${PODS_ROOT}/Target Support Files/Pods-Verifyya/Pods-Verifyya-frameworks-${CONFIGURATION}-output-files.xcfilelist",
			);
			runOnlyForDeploymentPostprocessing = 0;
			shellPath = /bin/sh;
			shellScript = "\"${PODS_ROOT}/Target Support Files/Pods-Verifyya/Pods-Verifyya-frameworks.sh\"\n";
			showEnvVarsInLog = 0;
		};
/* End PBXShellScriptBuildPhase section */

/* Begin PBXSourcesBuildPhase section */
		9616C12625B26508009DF0D8 /* Sources */ = {
			isa = PBXSourcesBuildPhase;
			buildActionMask = 2147483647;
			files = (
				9616C13225B26508009DF0D8 /* ViewController.swift in Sources */,
				96ACC08225B2B54E005C8EE5 /* VaccineRecord.swift in Sources */,
				9616C12E25B26508009DF0D8 /* AppDelegate.swift in Sources */,
				96ACC08825B2BA48005C8EE5 /* VaccineManager.swift in Sources */,
				96ACC05A25B2886D005C8EE5 /* Person.swift in Sources */,
				96ACC07A25B29E7C005C8EE5 /* K.swift in Sources */,
				96ACC05D25B29592005C8EE5 /* PersonManager.swift in Sources */,
				96ACC09225B2FC8B005C8EE5 /* Errors.swift in Sources */,
				9616C13025B26508009DF0D8 /* SceneDelegate.swift in Sources */,
			);
			runOnlyForDeploymentPostprocessing = 0;
		};
		96ACC06925B29C02005C8EE5 /* Sources */ = {
			isa = PBXSourcesBuildPhase;
			buildActionMask = 2147483647;
			files = (
				96ACC07025B29C02005C8EE5 /* VerifyyaTests.swift in Sources */,
			);
			runOnlyForDeploymentPostprocessing = 0;
		};
/* End PBXSourcesBuildPhase section */

/* Begin PBXTargetDependency section */
		96ACC07325B29C02005C8EE5 /* PBXTargetDependency */ = {
			isa = PBXTargetDependency;
			target = 9616C12925B26508009DF0D8 /* Verifyya */;
			targetProxy = 96ACC07225B29C02005C8EE5 /* PBXContainerItemProxy */;
		};
/* End PBXTargetDependency section */

/* Begin PBXVariantGroup section */
		9616C13325B26508009DF0D8 /* Main.storyboard */ = {
			isa = PBXVariantGroup;
			children = (
				9616C13425B26508009DF0D8 /* Base */,
			);
			name = Main.storyboard;
			sourceTree = "<group>";
		};
		9616C13825B2650D009DF0D8 /* LaunchScreen.storyboard */ = {
			isa = PBXVariantGroup;
			children = (
				9616C13925B2650D009DF0D8 /* Base */,
			);
			name = LaunchScreen.storyboard;
			sourceTree = "<group>";
		};
/* End PBXVariantGroup section */

/* Begin XCBuildConfiguration section */
		9616C13C25B2650D009DF0D8 /* Debug */ = {
			isa = XCBuildConfiguration;
			buildSettings = {
				ALWAYS_SEARCH_USER_PATHS = NO;
				CLANG_ANALYZER_NONNULL = YES;
				CLANG_ANALYZER_NUMBER_OBJECT_CONVERSION = YES_AGGRESSIVE;
				CLANG_CXX_LANGUAGE_STANDARD = "gnu++14";
				CLANG_CXX_LIBRARY = "libc++";
				CLANG_ENABLE_MODULES = YES;
				CLANG_ENABLE_OBJC_ARC = YES;
				CLANG_ENABLE_OBJC_WEAK = YES;
				CLANG_WARN_BLOCK_CAPTURE_AUTORELEASING = YES;
				CLANG_WARN_BOOL_CONVERSION = YES;
				CLANG_WARN_COMMA = YES;
				CLANG_WARN_CONSTANT_CONVERSION = YES;
				CLANG_WARN_DEPRECATED_OBJC_IMPLEMENTATIONS = YES;
				CLANG_WARN_DIRECT_OBJC_ISA_USAGE = YES_ERROR;
				CLANG_WARN_DOCUMENTATION_COMMENTS = YES;
				CLANG_WARN_EMPTY_BODY = YES;
				CLANG_WARN_ENUM_CONVERSION = YES;
				CLANG_WARN_INFINITE_RECURSION = YES;
				CLANG_WARN_INT_CONVERSION = YES;
				CLANG_WARN_NON_LITERAL_NULL_CONVERSION = YES;
				CLANG_WARN_OBJC_IMPLICIT_RETAIN_SELF = YES;
				CLANG_WARN_OBJC_LITERAL_CONVERSION = YES;
				CLANG_WARN_OBJC_ROOT_CLASS = YES_ERROR;
				CLANG_WARN_QUOTED_INCLUDE_IN_FRAMEWORK_HEADER = YES;
				CLANG_WARN_RANGE_LOOP_ANALYSIS = YES;
				CLANG_WARN_STRICT_PROTOTYPES = YES;
				CLANG_WARN_SUSPICIOUS_MOVE = YES;
				CLANG_WARN_UNGUARDED_AVAILABILITY = YES_AGGRESSIVE;
				CLANG_WARN_UNREACHABLE_CODE = YES;
				CLANG_WARN__DUPLICATE_METHOD_MATCH = YES;
				COPY_PHASE_STRIP = NO;
				DEBUG_INFORMATION_FORMAT = dwarf;
				ENABLE_STRICT_OBJC_MSGSEND = YES;
				ENABLE_TESTABILITY = YES;
				GCC_C_LANGUAGE_STANDARD = gnu11;
				GCC_DYNAMIC_NO_PIC = NO;
				GCC_NO_COMMON_BLOCKS = YES;
				GCC_OPTIMIZATION_LEVEL = 0;
				GCC_PREPROCESSOR_DEFINITIONS = (
					"DEBUG=1",
					"$(inherited)",
				);
				GCC_WARN_64_TO_32_BIT_CONVERSION = YES;
				GCC_WARN_ABOUT_RETURN_TYPE = YES_ERROR;
				GCC_WARN_UNDECLARED_SELECTOR = YES;
				GCC_WARN_UNINITIALIZED_AUTOS = YES_AGGRESSIVE;
				GCC_WARN_UNUSED_FUNCTION = YES;
				GCC_WARN_UNUSED_VARIABLE = YES;
				IPHONEOS_DEPLOYMENT_TARGET = 13.0;
				MTL_ENABLE_DEBUG_INFO = INCLUDE_SOURCE;
				MTL_FAST_MATH = YES;
				ONLY_ACTIVE_ARCH = YES;
				SDKROOT = iphoneos;
				SWIFT_ACTIVE_COMPILATION_CONDITIONS = DEBUG;
				SWIFT_OPTIMIZATION_LEVEL = "-Onone";
			};
			name = Debug;
		};
		9616C13D25B2650D009DF0D8 /* Release */ = {
			isa = XCBuildConfiguration;
			buildSettings = {
				ALWAYS_SEARCH_USER_PATHS = NO;
				CLANG_ANALYZER_NONNULL = YES;
				CLANG_ANALYZER_NUMBER_OBJECT_CONVERSION = YES_AGGRESSIVE;
				CLANG_CXX_LANGUAGE_STANDARD = "gnu++14";
				CLANG_CXX_LIBRARY = "libc++";
				CLANG_ENABLE_MODULES = YES;
				CLANG_ENABLE_OBJC_ARC = YES;
				CLANG_ENABLE_OBJC_WEAK = YES;
				CLANG_WARN_BLOCK_CAPTURE_AUTORELEASING = YES;
				CLANG_WARN_BOOL_CONVERSION = YES;
				CLANG_WARN_COMMA = YES;
				CLANG_WARN_CONSTANT_CONVERSION = YES;
				CLANG_WARN_DEPRECATED_OBJC_IMPLEMENTATIONS = YES;
				CLANG_WARN_DIRECT_OBJC_ISA_USAGE = YES_ERROR;
				CLANG_WARN_DOCUMENTATION_COMMENTS = YES;
				CLANG_WARN_EMPTY_BODY = YES;
				CLANG_WARN_ENUM_CONVERSION = YES;
				CLANG_WARN_INFINITE_RECURSION = YES;
				CLANG_WARN_INT_CONVERSION = YES;
				CLANG_WARN_NON_LITERAL_NULL_CONVERSION = YES;
				CLANG_WARN_OBJC_IMPLICIT_RETAIN_SELF = YES;
				CLANG_WARN_OBJC_LITERAL_CONVERSION = YES;
				CLANG_WARN_OBJC_ROOT_CLASS = YES_ERROR;
				CLANG_WARN_QUOTED_INCLUDE_IN_FRAMEWORK_HEADER = YES;
				CLANG_WARN_RANGE_LOOP_ANALYSIS = YES;
				CLANG_WARN_STRICT_PROTOTYPES = YES;
				CLANG_WARN_SUSPICIOUS_MOVE = YES;
				CLANG_WARN_UNGUARDED_AVAILABILITY = YES_AGGRESSIVE;
				CLANG_WARN_UNREACHABLE_CODE = YES;
				CLANG_WARN__DUPLICATE_METHOD_MATCH = YES;
				COPY_PHASE_STRIP = NO;
				DEBUG_INFORMATION_FORMAT = "dwarf-with-dsym";
				ENABLE_NS_ASSERTIONS = NO;
				ENABLE_STRICT_OBJC_MSGSEND = YES;
				GCC_C_LANGUAGE_STANDARD = gnu11;
				GCC_NO_COMMON_BLOCKS = YES;
				GCC_WARN_64_TO_32_BIT_CONVERSION = YES;
				GCC_WARN_ABOUT_RETURN_TYPE = YES_ERROR;
				GCC_WARN_UNDECLARED_SELECTOR = YES;
				GCC_WARN_UNINITIALIZED_AUTOS = YES_AGGRESSIVE;
				GCC_WARN_UNUSED_FUNCTION = YES;
				GCC_WARN_UNUSED_VARIABLE = YES;
				IPHONEOS_DEPLOYMENT_TARGET = 13.0;
				MTL_ENABLE_DEBUG_INFO = NO;
				MTL_FAST_MATH = YES;
				SDKROOT = iphoneos;
				SWIFT_COMPILATION_MODE = wholemodule;
				SWIFT_OPTIMIZATION_LEVEL = "-O";
				VALIDATE_PRODUCT = YES;
			};
			name = Release;
		};
		9616C13F25B2650D009DF0D8 /* Debug */ = {
			isa = XCBuildConfiguration;
			baseConfigurationReference = 64F24A867B203976ED8482AF /* Pods-Verifyya.debug.xcconfig */;
			buildSettings = {
				ASSETCATALOG_COMPILER_APPICON_NAME = AppIcon;
				ASSETCATALOG_COMPILER_GLOBAL_ACCENT_COLOR_NAME = AccentColor;
				CODE_SIGN_STYLE = Automatic;
				INFOPLIST_FILE = Verifyya/Info.plist;
				LD_RUNPATH_SEARCH_PATHS = (
					"$(inherited)",
					"@executable_path/Frameworks",
				);
				PRODUCT_BUNDLE_IDENTIFIER = com.VerifyyaTeam.Verifyya;
				PRODUCT_NAME = "$(TARGET_NAME)";
				SWIFT_VERSION = 5.0;
				TARGETED_DEVICE_FAMILY = "1,2";
			};
			name = Debug;
		};
		9616C14025B2650D009DF0D8 /* Release */ = {
			isa = XCBuildConfiguration;
			baseConfigurationReference = 323128DBCFBB89A4D884F2CC /* Pods-Verifyya.release.xcconfig */;
			buildSettings = {
				ASSETCATALOG_COMPILER_APPICON_NAME = AppIcon;
				ASSETCATALOG_COMPILER_GLOBAL_ACCENT_COLOR_NAME = AccentColor;
				CODE_SIGN_STYLE = Automatic;
				INFOPLIST_FILE = Verifyya/Info.plist;
				LD_RUNPATH_SEARCH_PATHS = (
					"$(inherited)",
					"@executable_path/Frameworks",
				);
				PRODUCT_BUNDLE_IDENTIFIER = com.VerifyyaTeam.Verifyya;
				PRODUCT_NAME = "$(TARGET_NAME)";
				SWIFT_VERSION = 5.0;
				TARGETED_DEVICE_FAMILY = "1,2";
			};
			name = Release;
		};
		96ACC07525B29C02005C8EE5 /* Debug */ = {
			isa = XCBuildConfiguration;
			buildSettings = {
				BUNDLE_LOADER = "$(TEST_HOST)";
				CODE_SIGN_STYLE = Automatic;
				INFOPLIST_FILE = VerifyyaTests/Info.plist;
				IPHONEOS_DEPLOYMENT_TARGET = 14.3;
				LD_RUNPATH_SEARCH_PATHS = (
					"$(inherited)",
					"@executable_path/Frameworks",
					"@loader_path/Frameworks",
				);
				PRODUCT_BUNDLE_IDENTIFIER = com.VerifyyaTeam.VerifyyaTests;
				PRODUCT_NAME = "$(TARGET_NAME)";
				SWIFT_VERSION = 5.0;
				TARGETED_DEVICE_FAMILY = "1,2";
				TEST_HOST = "$(BUILT_PRODUCTS_DIR)/Verifyya.app/Verifyya";
			};
			name = Debug;
		};
		96ACC07625B29C02005C8EE5 /* Release */ = {
			isa = XCBuildConfiguration;
			buildSettings = {
				BUNDLE_LOADER = "$(TEST_HOST)";
				CODE_SIGN_STYLE = Automatic;
				INFOPLIST_FILE = VerifyyaTests/Info.plist;
				IPHONEOS_DEPLOYMENT_TARGET = 14.3;
				LD_RUNPATH_SEARCH_PATHS = (
					"$(inherited)",
					"@executable_path/Frameworks",
					"@loader_path/Frameworks",
				);
				PRODUCT_BUNDLE_IDENTIFIER = com.VerifyyaTeam.VerifyyaTests;
				PRODUCT_NAME = "$(TARGET_NAME)";
				SWIFT_VERSION = 5.0;
				TARGETED_DEVICE_FAMILY = "1,2";
				TEST_HOST = "$(BUILT_PRODUCTS_DIR)/Verifyya.app/Verifyya";
			};
			name = Release;
		};
/* End XCBuildConfiguration section */

/* Begin XCConfigurationList section */
		9616C12525B26507009DF0D8 /* Build configuration list for PBXProject "Verifyya" */ = {
			isa = XCConfigurationList;
			buildConfigurations = (
				9616C13C25B2650D009DF0D8 /* Debug */,
				9616C13D25B2650D009DF0D8 /* Release */,
			);
			defaultConfigurationIsVisible = 0;
			defaultConfigurationName = Release;
		};
		9616C13E25B2650D009DF0D8 /* Build configuration list for PBXNativeTarget "Verifyya" */ = {
			isa = XCConfigurationList;
			buildConfigurations = (
				9616C13F25B2650D009DF0D8 /* Debug */,
				9616C14025B2650D009DF0D8 /* Release */,
			);
			defaultConfigurationIsVisible = 0;
			defaultConfigurationName = Release;
		};
		96ACC07425B29C02005C8EE5 /* Build configuration list for PBXNativeTarget "VerifyyaTests" */ = {
			isa = XCConfigurationList;
			buildConfigurations = (
				96ACC07525B29C02005C8EE5 /* Debug */,
				96ACC07625B29C02005C8EE5 /* Release */,
			);
			defaultConfigurationIsVisible = 0;
			defaultConfigurationName = Release;
		};
/* End XCConfigurationList section */
	};
	rootObject = 9616C12225B26507009DF0D8 /* Project object */;
}
